// !$*UTF8*$!
{
	archiveVersion = 1;
	classes = {
	};
	objectVersion = 46;
	objects = {

/* Begin PBXBuildFile section */
		3068412B1AFD327A00A4D68D /* BeaconViewController.swift in Sources */ = {isa = PBXBuildFile; fileRef = 306841261AFD327A00A4D68D /* BeaconViewController.swift */; };
		3068412C1AFD327A00A4D68D /* LoginViewController.swift in Sources */ = {isa = PBXBuildFile; fileRef = 306841271AFD327A00A4D68D /* LoginViewController.swift */; };
		3068412D1AFD327A00A4D68D /* LojaViewController.swift in Sources */ = {isa = PBXBuildFile; fileRef = 306841281AFD327A00A4D68D /* LojaViewController.swift */; };
		3068412E1AFD327A00A4D68D /* MapViewController.swift in Sources */ = {isa = PBXBuildFile; fileRef = 306841291AFD327A00A4D68D /* MapViewController.swift */; };
		3068412F1AFD327A00A4D68D /* MeusLivrosViewController.swift in Sources */ = {isa = PBXBuildFile; fileRef = 3068412A1AFD327A00A4D68D /* MeusLivrosViewController.swift */; };
		30AF45BB1AFADC38005F829A /* Bolts.framework in Frameworks */ = {isa = PBXBuildFile; fileRef = 30AF45B51AFADC38005F829A /* Bolts.framework */; };
		30AF45BC1AFADC38005F829A /* Parse.framework in Frameworks */ = {isa = PBXBuildFile; fileRef = 30AF45B61AFADC38005F829A /* Parse.framework */; };
		30AF45BD1AFADC38005F829A /* ParseCrashReporting.framework in Frameworks */ = {isa = PBXBuildFile; fileRef = 30AF45B71AFADC38005F829A /* ParseCrashReporting.framework */; };
		30AF45BE1AFADC38005F829A /* ParseFacebookUtils.framework in Frameworks */ = {isa = PBXBuildFile; fileRef = 30AF45B81AFADC38005F829A /* ParseFacebookUtils.framework */; };
		30AF45BF1AFADC38005F829A /* ParseFacebookUtilsV4.framework in Frameworks */ = {isa = PBXBuildFile; fileRef = 30AF45B91AFADC38005F829A /* ParseFacebookUtilsV4.framework */; };
		30AF45C01AFADC38005F829A /* ParseUI.framework in Frameworks */ = {isa = PBXBuildFile; fileRef = 30AF45BA1AFADC38005F829A /* ParseUI.framework */; };
		30AF45C21AFADC59005F829A /* AudioToolbox.framework in Frameworks */ = {isa = PBXBuildFile; fileRef = 30AF45C11AFADC59005F829A /* AudioToolbox.framework */; };
		30AF45C41AFADC65005F829A /* CFNetwork.framework in Frameworks */ = {isa = PBXBuildFile; fileRef = 30AF45C31AFADC65005F829A /* CFNetwork.framework */; };
		30AF45C61AFADC6F005F829A /* CoreGraphics.framework in Frameworks */ = {isa = PBXBuildFile; fileRef = 30AF45C51AFADC6F005F829A /* CoreGraphics.framework */; };
		30AF45C81AFADC7C005F829A /* CoreLocation.framework in Frameworks */ = {isa = PBXBuildFile; fileRef = 30AF45C71AFADC7C005F829A /* CoreLocation.framework */; };
		30AF45CA1AFADCCC005F829A /* libz.dylib in Frameworks */ = {isa = PBXBuildFile; fileRef = 30AF45C91AFADCCC005F829A /* libz.dylib */; };
		30AF45CC1AFADCD8005F829A /* MobileCoreServices.framework in Frameworks */ = {isa = PBXBuildFile; fileRef = 30AF45CB1AFADCD8005F829A /* MobileCoreServices.framework */; };
		30AF45CE1AFADCE2005F829A /* QuartzCore.framework in Frameworks */ = {isa = PBXBuildFile; fileRef = 30AF45CD1AFADCE2005F829A /* QuartzCore.framework */; };
		30AF45D01AFADCED005F829A /* Security.framework in Frameworks */ = {isa = PBXBuildFile; fileRef = 30AF45CF1AFADCED005F829A /* Security.framework */; };
		30AF45D21AFADCF6005F829A /* StoreKit.framework in Frameworks */ = {isa = PBXBuildFile; fileRef = 30AF45D11AFADCF6005F829A /* StoreKit.framework */; };
		30AF45D41AFADD03005F829A /* SystemConfiguration.framework in Frameworks */ = {isa = PBXBuildFile; fileRef = 30AF45D31AFADD03005F829A /* SystemConfiguration.framework */; };
		30AF45D61AFADD0E005F829A /* libsqlite3.dylib in Frameworks */ = {isa = PBXBuildFile; fileRef = 30AF45D51AFADD0E005F829A /* libsqlite3.dylib */; };
		30AF45E01AFBEE91005F829A /* SignUpViewController.swift in Sources */ = {isa = PBXBuildFile; fileRef = 30AF45DF1AFBEE91005F829A /* SignUpViewController.swift */; };
		30AF45E21AFBFA15005F829A /* BooksViewController.swift in Sources */ = {isa = PBXBuildFile; fileRef = 30AF45E11AFBFA15005F829A /* BooksViewController.swift */; };
		30AF45E41AFD18C3005F829A /* ParseManager.swift in Sources */ = {isa = PBXBuildFile; fileRef = 30AF45E31AFD18C3005F829A /* ParseManager.swift */; };
		4ACC04C11B013B1D00D363C4 /* MeusLivrosTableViewCell.swift in Sources */ = {isa = PBXBuildFile; fileRef = 4ACC04C01B013B1D00D363C4 /* MeusLivrosTableViewCell.swift */; };
		4ACC04C31B025CFC00D363C4 /* LojaTableViewCell.swift in Sources */ = {isa = PBXBuildFile; fileRef = 4ACC04C21B025CFC00D363C4 /* LojaTableViewCell.swift */; };
		4ACC04C71B0260FD00D363C4 /* TabBarViewController.swift in Sources */ = {isa = PBXBuildFile; fileRef = 4ACC04C61B0260FD00D363C4 /* TabBarViewController.swift */; };
		4ACC04C91B0269B500D363C4 /* BibliotecaViewController.swift in Sources */ = {isa = PBXBuildFile; fileRef = 4ACC04C81B0269B500D363C4 /* BibliotecaViewController.swift */; };
		4ACC04CB1B026AFD00D363C4 /* BibliotecaTableViewCell.swift in Sources */ = {isa = PBXBuildFile; fileRef = 4ACC04CA1B026AFD00D363C4 /* BibliotecaTableViewCell.swift */; };
		DB2063751AFA9F7100A9BC6F /* LaunchScreen.xib in Resources */ = {isa = PBXBuildFile; fileRef = DB2063731AFA9F7100A9BC6F /* LaunchScreen.xib */; };
		DB2063811AFA9F7100A9BC6F /* MyLibraryTests.swift in Sources */ = {isa = PBXBuildFile; fileRef = DB2063801AFA9F7100A9BC6F /* MyLibraryTests.swift */; };
		DBAE9BC01B0136F900522F97 /* Images.xcassets in Resources */ = {isa = PBXBuildFile; fileRef = DBAE9BBF1B0136F900522F97 /* Images.xcassets */; };
		DBF1696C1B011B930058E5C9 /* AppDelegate.swift in Sources */ = {isa = PBXBuildFile; fileRef = DBF1696A1B011B930058E5C9 /* AppDelegate.swift */; };
		DBF1696D1B011B930058E5C9 /* Main.storyboard in Resources */ = {isa = PBXBuildFile; fileRef = DBF1696B1B011B930058E5C9 /* Main.storyboard */; };
/* End PBXBuildFile section */

/* Begin PBXContainerItemProxy section */
		DB20637B1AFA9F7100A9BC6F /* PBXContainerItemProxy */ = {
			isa = PBXContainerItemProxy;
			containerPortal = DB20635D1AFA9F7100A9BC6F /* Project object */;
			proxyType = 1;
			remoteGlobalIDString = DB2063641AFA9F7100A9BC6F;
			remoteInfo = MyLibrary;
		};
/* End PBXContainerItemProxy section */

/* Begin PBXFileReference section */
		306841261AFD327A00A4D68D /* BeaconViewController.swift */ = {isa = PBXFileReference; fileEncoding = 4; lastKnownFileType = sourcecode.swift; path = BeaconViewController.swift; sourceTree = "<group>"; };
		306841271AFD327A00A4D68D /* LoginViewController.swift */ = {isa = PBXFileReference; fileEncoding = 4; lastKnownFileType = sourcecode.swift; path = LoginViewController.swift; sourceTree = "<group>"; };
		306841281AFD327A00A4D68D /* LojaViewController.swift */ = {isa = PBXFileReference; fileEncoding = 4; lastKnownFileType = sourcecode.swift; path = LojaViewController.swift; sourceTree = "<group>"; };
		306841291AFD327A00A4D68D /* MapViewController.swift */ = {isa = PBXFileReference; fileEncoding = 4; lastKnownFileType = sourcecode.swift; path = MapViewController.swift; sourceTree = "<group>"; };
		3068412A1AFD327A00A4D68D /* MeusLivrosViewController.swift */ = {isa = PBXFileReference; fileEncoding = 4; lastKnownFileType = sourcecode.swift; path = MeusLivrosViewController.swift; sourceTree = "<group>"; };
		30AF45A71AFAD8ED005F829A /* MyLibrary-Bridging-Header.h */ = {isa = PBXFileReference; lastKnownFileType = sourcecode.c.h; path = "MyLibrary-Bridging-Header.h"; sourceTree = SOURCE_ROOT; };
		30AF45B51AFADC38005F829A /* Bolts.framework */ = {isa = PBXFileReference; lastKnownFileType = wrapper.framework; name = Bolts.framework; path = "MyLibrary/parse-library-1.7.2/Bolts.framework"; sourceTree = "<group>"; };
		30AF45B61AFADC38005F829A /* Parse.framework */ = {isa = PBXFileReference; lastKnownFileType = wrapper.framework; name = Parse.framework; path = "MyLibrary/parse-library-1.7.2/Parse.framework"; sourceTree = "<group>"; };
		30AF45B71AFADC38005F829A /* ParseCrashReporting.framework */ = {isa = PBXFileReference; lastKnownFileType = wrapper.framework; name = ParseCrashReporting.framework; path = "MyLibrary/parse-library-1.7.2/ParseCrashReporting.framework"; sourceTree = "<group>"; };
		30AF45B81AFADC38005F829A /* ParseFacebookUtils.framework */ = {isa = PBXFileReference; lastKnownFileType = wrapper.framework; name = ParseFacebookUtils.framework; path = "MyLibrary/parse-library-1.7.2/ParseFacebookUtils.framework"; sourceTree = "<group>"; };
		30AF45B91AFADC38005F829A /* ParseFacebookUtilsV4.framework */ = {isa = PBXFileReference; lastKnownFileType = wrapper.framework; name = ParseFacebookUtilsV4.framework; path = "MyLibrary/parse-library-1.7.2/ParseFacebookUtilsV4.framework"; sourceTree = "<group>"; };
		30AF45BA1AFADC38005F829A /* ParseUI.framework */ = {isa = PBXFileReference; lastKnownFileType = wrapper.framework; name = ParseUI.framework; path = "MyLibrary/parse-library-1.7.2/ParseUI.framework"; sourceTree = "<group>"; };
		30AF45C11AFADC59005F829A /* AudioToolbox.framework */ = {isa = PBXFileReference; lastKnownFileType = wrapper.framework; name = AudioToolbox.framework; path = System/Library/Frameworks/AudioToolbox.framework; sourceTree = SDKROOT; };
		30AF45C31AFADC65005F829A /* CFNetwork.framework */ = {isa = PBXFileReference; lastKnownFileType = wrapper.framework; name = CFNetwork.framework; path = System/Library/Frameworks/CFNetwork.framework; sourceTree = SDKROOT; };
		30AF45C51AFADC6F005F829A /* CoreGraphics.framework */ = {isa = PBXFileReference; lastKnownFileType = wrapper.framework; name = CoreGraphics.framework; path = System/Library/Frameworks/CoreGraphics.framework; sourceTree = SDKROOT; };
		30AF45C71AFADC7C005F829A /* CoreLocation.framework */ = {isa = PBXFileReference; lastKnownFileType = wrapper.framework; name = CoreLocation.framework; path = System/Library/Frameworks/CoreLocation.framework; sourceTree = SDKROOT; };
		30AF45C91AFADCCC005F829A /* libz.dylib */ = {isa = PBXFileReference; lastKnownFileType = "compiled.mach-o.dylib"; name = libz.dylib; path = usr/lib/libz.dylib; sourceTree = SDKROOT; };
		30AF45CB1AFADCD8005F829A /* MobileCoreServices.framework */ = {isa = PBXFileReference; lastKnownFileType = wrapper.framework; name = MobileCoreServices.framework; path = System/Library/Frameworks/MobileCoreServices.framework; sourceTree = SDKROOT; };
		30AF45CD1AFADCE2005F829A /* QuartzCore.framework */ = {isa = PBXFileReference; lastKnownFileType = wrapper.framework; name = QuartzCore.framework; path = System/Library/Frameworks/QuartzCore.framework; sourceTree = SDKROOT; };
		30AF45CF1AFADCED005F829A /* Security.framework */ = {isa = PBXFileReference; lastKnownFileType = wrapper.framework; name = Security.framework; path = System/Library/Frameworks/Security.framework; sourceTree = SDKROOT; };
		30AF45D11AFADCF6005F829A /* StoreKit.framework */ = {isa = PBXFileReference; lastKnownFileType = wrapper.framework; name = StoreKit.framework; path = System/Library/Frameworks/StoreKit.framework; sourceTree = SDKROOT; };
		30AF45D31AFADD03005F829A /* SystemConfiguration.framework */ = {isa = PBXFileReference; lastKnownFileType = wrapper.framework; name = SystemConfiguration.framework; path = System/Library/Frameworks/SystemConfiguration.framework; sourceTree = SDKROOT; };
		30AF45D51AFADD0E005F829A /* libsqlite3.dylib */ = {isa = PBXFileReference; lastKnownFileType = "compiled.mach-o.dylib"; name = libsqlite3.dylib; path = usr/lib/libsqlite3.dylib; sourceTree = SDKROOT; };
		30AF45DF1AFBEE91005F829A /* SignUpViewController.swift */ = {isa = PBXFileReference; fileEncoding = 4; lastKnownFileType = sourcecode.swift; path = SignUpViewController.swift; sourceTree = "<group>"; };
		30AF45E11AFBFA15005F829A /* BooksViewController.swift */ = {isa = PBXFileReference; fileEncoding = 4; lastKnownFileType = sourcecode.swift; path = BooksViewController.swift; sourceTree = "<group>"; };
		30AF45E31AFD18C3005F829A /* ParseManager.swift */ = {isa = PBXFileReference; fileEncoding = 4; lastKnownFileType = sourcecode.swift; path = ParseManager.swift; sourceTree = "<group>"; };
		4ACC04C01B013B1D00D363C4 /* MeusLivrosTableViewCell.swift */ = {isa = PBXFileReference; fileEncoding = 4; lastKnownFileType = sourcecode.swift; path = MeusLivrosTableViewCell.swift; sourceTree = "<group>"; };
		4ACC04C21B025CFC00D363C4 /* LojaTableViewCell.swift */ = {isa = PBXFileReference; fileEncoding = 4; lastKnownFileType = sourcecode.swift; path = LojaTableViewCell.swift; sourceTree = "<group>"; };
		4ACC04C61B0260FD00D363C4 /* TabBarViewController.swift */ = {isa = PBXFileReference; fileEncoding = 4; lastKnownFileType = sourcecode.swift; name = TabBarViewController.swift; path = ../TabBarViewController.swift; sourceTree = "<group>"; };
		4ACC04C81B0269B500D363C4 /* BibliotecaViewController.swift */ = {isa = PBXFileReference; fileEncoding = 4; lastKnownFileType = sourcecode.swift; path = BibliotecaViewController.swift; sourceTree = "<group>"; };
		4ACC04CA1B026AFD00D363C4 /* BibliotecaTableViewCell.swift */ = {isa = PBXFileReference; fileEncoding = 4; lastKnownFileType = sourcecode.swift; path = BibliotecaTableViewCell.swift; sourceTree = "<group>"; };
		DB2063651AFA9F7100A9BC6F /* MyLibrary.app */ = {isa = PBXFileReference; explicitFileType = wrapper.application; includeInIndex = 0; path = MyLibrary.app; sourceTree = BUILT_PRODUCTS_DIR; };
		DB2063691AFA9F7100A9BC6F /* Info.plist */ = {isa = PBXFileReference; lastKnownFileType = text.plist.xml; path = Info.plist; sourceTree = "<group>"; };
		DB2063741AFA9F7100A9BC6F /* Base */ = {isa = PBXFileReference; lastKnownFileType = file.xib; name = Base; path = Base.lproj/LaunchScreen.xib; sourceTree = "<group>"; };
		DB20637A1AFA9F7100A9BC6F /* MyLibraryTests.xctest */ = {isa = PBXFileReference; explicitFileType = wrapper.cfbundle; includeInIndex = 0; path = MyLibraryTests.xctest; sourceTree = BUILT_PRODUCTS_DIR; };
		DB20637F1AFA9F7100A9BC6F /* Info.plist */ = {isa = PBXFileReference; lastKnownFileType = text.plist.xml; path = Info.plist; sourceTree = "<group>"; };
		DB2063801AFA9F7100A9BC6F /* MyLibraryTests.swift */ = {isa = PBXFileReference; lastKnownFileType = sourcecode.swift; path = MyLibraryTests.swift; sourceTree = "<group>"; };
		DB686C7D1AFD40820055C1C1 /* PersonalizedStoreCell.swift */ = {isa = PBXFileReference; fileEncoding = 4; lastKnownFileType = sourcecode.swift; name = PersonalizedStoreCell.swift; path = ../PersonalizedStoreCell.swift; sourceTree = "<group>"; };
		DBAE9BBF1B0136F900522F97 /* Images.xcassets */ = {isa = PBXFileReference; lastKnownFileType = folder.assetcatalog; name = Images.xcassets; path = MyLibrary/Images.xcassets; sourceTree = "<group>"; };
		DBF1696A1B011B930058E5C9 /* AppDelegate.swift */ = {isa = PBXFileReference; fileEncoding = 4; lastKnownFileType = sourcecode.swift; path = AppDelegate.swift; sourceTree = "<group>"; };
		DBF1696B1B011B930058E5C9 /* Main.storyboard */ = {isa = PBXFileReference; fileEncoding = 4; lastKnownFileType = file.storyboard; path = Main.storyboard; sourceTree = "<group>"; };
/* End PBXFileReference section */

/* Begin PBXFrameworksBuildPhase section */
		DB2063621AFA9F7100A9BC6F /* Frameworks */ = {
			isa = PBXFrameworksBuildPhase;
			buildActionMask = 2147483647;
			files = (
				30AF45D61AFADD0E005F829A /* libsqlite3.dylib in Frameworks */,
				30AF45D41AFADD03005F829A /* SystemConfiguration.framework in Frameworks */,
				30AF45D21AFADCF6005F829A /* StoreKit.framework in Frameworks */,
				30AF45D01AFADCED005F829A /* Security.framework in Frameworks */,
				30AF45CE1AFADCE2005F829A /* QuartzCore.framework in Frameworks */,
				30AF45CC1AFADCD8005F829A /* MobileCoreServices.framework in Frameworks */,
				30AF45CA1AFADCCC005F829A /* libz.dylib in Frameworks */,
				30AF45C81AFADC7C005F829A /* CoreLocation.framework in Frameworks */,
				30AF45C61AFADC6F005F829A /* CoreGraphics.framework in Frameworks */,
				30AF45C41AFADC65005F829A /* CFNetwork.framework in Frameworks */,
				30AF45C21AFADC59005F829A /* AudioToolbox.framework in Frameworks */,
				30AF45C01AFADC38005F829A /* ParseUI.framework in Frameworks */,
				30AF45BC1AFADC38005F829A /* Parse.framework in Frameworks */,
				30AF45BD1AFADC38005F829A /* ParseCrashReporting.framework in Frameworks */,
				30AF45BE1AFADC38005F829A /* ParseFacebookUtils.framework in Frameworks */,
				30AF45BB1AFADC38005F829A /* Bolts.framework in Frameworks */,
				30AF45BF1AFADC38005F829A /* ParseFacebookUtilsV4.framework in Frameworks */,
			);
			runOnlyForDeploymentPostprocessing = 0;
		};
		DB2063771AFA9F7100A9BC6F /* Frameworks */ = {
			isa = PBXFrameworksBuildPhase;
			buildActionMask = 2147483647;
			files = (
			);
			runOnlyForDeploymentPostprocessing = 0;
		};
/* End PBXFrameworksBuildPhase section */

/* Begin PBXGroup section */
		306841251AFD326500A4D68D /* Controller */ = {
			isa = PBXGroup;
			children = (
				306841261AFD327A00A4D68D /* BeaconViewController.swift */,
				306841271AFD327A00A4D68D /* LoginViewController.swift */,
				306841281AFD327A00A4D68D /* LojaViewController.swift */,
				306841291AFD327A00A4D68D /* MapViewController.swift */,
				3068412A1AFD327A00A4D68D /* MeusLivrosViewController.swift */,
				4ACC04C81B0269B500D363C4 /* BibliotecaViewController.swift */,
			);
			name = Controller;
			sourceTree = "<group>";
		};
		DB20635C1AFA9F7100A9BC6F = {
			isa = PBXGroup;
			children = (
				DBAE9BBF1B0136F900522F97 /* Images.xcassets */,
				DB29C8691AFBDA8200FEDFFF /* Frameworks */,
				DB2063671AFA9F7100A9BC6F /* MyLibrary */,
				DB20637D1AFA9F7100A9BC6F /* MyLibraryTests */,
				DB2063661AFA9F7100A9BC6F /* Products */,
			);
			sourceTree = "<group>";
		};
		DB2063661AFA9F7100A9BC6F /* Products */ = {
			isa = PBXGroup;
			children = (
				DB2063651AFA9F7100A9BC6F /* MyLibrary.app */,
				DB20637A1AFA9F7100A9BC6F /* MyLibraryTests.xctest */,
			);
			name = Products;
			sourceTree = "<group>";
		};
		DB2063671AFA9F7100A9BC6F /* MyLibrary */ = {
			isa = PBXGroup;
			children = (
				DBF1696A1B011B930058E5C9 /* AppDelegate.swift */,
				DBF1696B1B011B930058E5C9 /* Main.storyboard */,
				306841251AFD326500A4D68D /* Controller */,
				30AF45DF1AFBEE91005F829A /* SignUpViewController.swift */,
				30AF45E11AFBFA15005F829A /* BooksViewController.swift */,
				4ACC04C61B0260FD00D363C4 /* TabBarViewController.swift */,
				DB686C7D1AFD40820055C1C1 /* PersonalizedStoreCell.swift */,
				4ACC04C01B013B1D00D363C4 /* MeusLivrosTableViewCell.swift */,
				4ACC04C21B025CFC00D363C4 /* LojaTableViewCell.swift */,
				4ACC04CA1B026AFD00D363C4 /* BibliotecaTableViewCell.swift */,
				DB2063731AFA9F7100A9BC6F /* LaunchScreen.xib */,
				DB2063681AFA9F7100A9BC6F /* Supporting Files */,
				30AF45E31AFD18C3005F829A /* ParseManager.swift */,
			);
			path = MyLibrary;
			sourceTree = "<group>";
		};
		DB2063681AFA9F7100A9BC6F /* Supporting Files */ = {
			isa = PBXGroup;
			children = (
				30AF45A71AFAD8ED005F829A /* MyLibrary-Bridging-Header.h */,
				DB2063691AFA9F7100A9BC6F /* Info.plist */,
			);
			name = "Supporting Files";
			sourceTree = "<group>";
		};
		DB20637D1AFA9F7100A9BC6F /* MyLibraryTests */ = {
			isa = PBXGroup;
			children = (
				DB2063801AFA9F7100A9BC6F /* MyLibraryTests.swift */,
				DB20637E1AFA9F7100A9BC6F /* Supporting Files */,
			);
			path = MyLibraryTests;
			sourceTree = "<group>";
		};
		DB20637E1AFA9F7100A9BC6F /* Supporting Files */ = {
			isa = PBXGroup;
			children = (
				DB20637F1AFA9F7100A9BC6F /* Info.plist */,
			);
			name = "Supporting Files";
			sourceTree = "<group>";
		};
		DB29C8691AFBDA8200FEDFFF /* Frameworks */ = {
			isa = PBXGroup;
			children = (
				30AF45C91AFADCCC005F829A /* libz.dylib */,
				30AF45C71AFADC7C005F829A /* CoreLocation.framework */,
				30AF45C51AFADC6F005F829A /* CoreGraphics.framework */,
				30AF45C31AFADC65005F829A /* CFNetwork.framework */,
				30AF45C11AFADC59005F829A /* AudioToolbox.framework */,
				30AF45B51AFADC38005F829A /* Bolts.framework */,
				30AF45B61AFADC38005F829A /* Parse.framework */,
				30AF45B71AFADC38005F829A /* ParseCrashReporting.framework */,
				30AF45B81AFADC38005F829A /* ParseFacebookUtils.framework */,
				30AF45B91AFADC38005F829A /* ParseFacebookUtilsV4.framework */,
				30AF45BA1AFADC38005F829A /* ParseUI.framework */,
				30AF45D51AFADD0E005F829A /* libsqlite3.dylib */,
				30AF45D31AFADD03005F829A /* SystemConfiguration.framework */,
				30AF45D11AFADCF6005F829A /* StoreKit.framework */,
				30AF45CF1AFADCED005F829A /* Security.framework */,
				30AF45CD1AFADCE2005F829A /* QuartzCore.framework */,
				30AF45CB1AFADCD8005F829A /* MobileCoreServices.framework */,
			);
			name = Frameworks;
			sourceTree = "<group>";
		};
/* End PBXGroup section */

/* Begin PBXNativeTarget section */
		DB2063641AFA9F7100A9BC6F /* MyLibrary */ = {
			isa = PBXNativeTarget;
			buildConfigurationList = DB2063841AFA9F7100A9BC6F /* Build configuration list for PBXNativeTarget "MyLibrary" */;
			buildPhases = (
				DB2063611AFA9F7100A9BC6F /* Sources */,
				DB2063621AFA9F7100A9BC6F /* Frameworks */,
				DB2063631AFA9F7100A9BC6F /* Resources */,
			);
			buildRules = (
			);
			dependencies = (
			);
			name = MyLibrary;
			productName = MyLibrary;
			productReference = DB2063651AFA9F7100A9BC6F /* MyLibrary.app */;
			productType = "com.apple.product-type.application";
		};
		DB2063791AFA9F7100A9BC6F /* MyLibraryTests */ = {
			isa = PBXNativeTarget;
			buildConfigurationList = DB2063871AFA9F7100A9BC6F /* Build configuration list for PBXNativeTarget "MyLibraryTests" */;
			buildPhases = (
				DB2063761AFA9F7100A9BC6F /* Sources */,
				DB2063771AFA9F7100A9BC6F /* Frameworks */,
				DB2063781AFA9F7100A9BC6F /* Resources */,
			);
			buildRules = (
			);
			dependencies = (
				DB20637C1AFA9F7100A9BC6F /* PBXTargetDependency */,
			);
			name = MyLibraryTests;
			productName = MyLibraryTests;
			productReference = DB20637A1AFA9F7100A9BC6F /* MyLibraryTests.xctest */;
			productType = "com.apple.product-type.bundle.unit-test";
		};
/* End PBXNativeTarget section */

/* Begin PBXProject section */
		DB20635D1AFA9F7100A9BC6F /* Project object */ = {
			isa = PBXProject;
			attributes = {
				LastUpgradeCheck = 0630;
				ORGANIZATIONNAME = "Hariel Giacomuzzi";
				TargetAttributes = {
					DB2063641AFA9F7100A9BC6F = {
						CreatedOnToolsVersion = 6.3.1;
						DevelopmentTeam = DVXNNDG4U4;
						SystemCapabilities = {
							com.apple.Maps.iOS = {
								enabled = 0;
							};
						};
					};
					DB2063791AFA9F7100A9BC6F = {
						CreatedOnToolsVersion = 6.3.1;
						TestTargetID = DB2063641AFA9F7100A9BC6F;
					};
				};
			};
			buildConfigurationList = DB2063601AFA9F7100A9BC6F /* Build configuration list for PBXProject "MyLibrary" */;
			compatibilityVersion = "Xcode 3.2";
			developmentRegion = English;
			hasScannedForEncodings = 0;
			knownRegions = (
				en,
				Base,
			);
			mainGroup = DB20635C1AFA9F7100A9BC6F;
			productRefGroup = DB2063661AFA9F7100A9BC6F /* Products */;
			projectDirPath = "";
			projectRoot = "";
			targets = (
				DB2063641AFA9F7100A9BC6F /* MyLibrary */,
				DB2063791AFA9F7100A9BC6F /* MyLibraryTests */,
			);
		};
/* End PBXProject section */

/* Begin PBXResourcesBuildPhase section */
		DB2063631AFA9F7100A9BC6F /* Resources */ = {
			isa = PBXResourcesBuildPhase;
			buildActionMask = 2147483647;
			files = (
				DBAE9BC01B0136F900522F97 /* Images.xcassets in Resources */,
				DB2063751AFA9F7100A9BC6F /* LaunchScreen.xib in Resources */,
				DBF1696D1B011B930058E5C9 /* Main.storyboard in Resources */,
			);
			runOnlyForDeploymentPostprocessing = 0;
		};
		DB2063781AFA9F7100A9BC6F /* Resources */ = {
			isa = PBXResourcesBuildPhase;
			buildActionMask = 2147483647;
			files = (
			);
			runOnlyForDeploymentPostprocessing = 0;
		};
/* End PBXResourcesBuildPhase section */

/* Begin PBXSourcesBuildPhase section */
		DB2063611AFA9F7100A9BC6F /* Sources */ = {
			isa = PBXSourcesBuildPhase;
			buildActionMask = 2147483647;
			files = (
				30AF45E21AFBFA15005F829A /* BooksViewController.swift in Sources */,
				4ACC04CB1B026AFD00D363C4 /* BibliotecaTableViewCell.swift in Sources */,
				3068412F1AFD327A00A4D68D /* MeusLivrosViewController.swift in Sources */,
				4ACC04C11B013B1D00D363C4 /* MeusLivrosTableViewCell.swift in Sources */,
				30AF45E41AFD18C3005F829A /* ParseManager.swift in Sources */,
				4ACC04C71B0260FD00D363C4 /* TabBarViewController.swift in Sources */,
				DBF1696C1B011B930058E5C9 /* AppDelegate.swift in Sources */,
				3068412E1AFD327A00A4D68D /* MapViewController.swift in Sources */,
				3068412D1AFD327A00A4D68D /* LojaViewController.swift in Sources */,
				4ACC04C31B025CFC00D363C4 /* LojaTableViewCell.swift in Sources */,
				3068412B1AFD327A00A4D68D /* BeaconViewController.swift in Sources */,
				4ACC04C91B0269B500D363C4 /* BibliotecaViewController.swift in Sources */,
				3068412C1AFD327A00A4D68D /* LoginViewController.swift in Sources */,
				30AF45E01AFBEE91005F829A /* SignUpViewController.swift in Sources */,
			);
			runOnlyForDeploymentPostprocessing = 0;
		};
		DB2063761AFA9F7100A9BC6F /* Sources */ = {
			isa = PBXSourcesBuildPhase;
			buildActionMask = 2147483647;
			files = (
				DB2063811AFA9F7100A9BC6F /* MyLibraryTests.swift in Sources */,
			);
			runOnlyForDeploymentPostprocessing = 0;
		};
/* End PBXSourcesBuildPhase section */

/* Begin PBXTargetDependency section */
		DB20637C1AFA9F7100A9BC6F /* PBXTargetDependency */ = {
			isa = PBXTargetDependency;
			target = DB2063641AFA9F7100A9BC6F /* MyLibrary */;
			targetProxy = DB20637B1AFA9F7100A9BC6F /* PBXContainerItemProxy */;
		};
/* End PBXTargetDependency section */

/* Begin PBXVariantGroup section */
		DB2063731AFA9F7100A9BC6F /* LaunchScreen.xib */ = {
			isa = PBXVariantGroup;
			children = (
				DB2063741AFA9F7100A9BC6F /* Base */,
			);
			name = LaunchScreen.xib;
			sourceTree = "<group>";
		};
/* End PBXVariantGroup section */

/* Begin XCBuildConfiguration section */
		DB2063821AFA9F7100A9BC6F /* Debug */ = {
			isa = XCBuildConfiguration;
			buildSettings = {
				ALWAYS_SEARCH_USER_PATHS = NO;
				CLANG_CXX_LANGUAGE_STANDARD = "gnu++0x";
				CLANG_CXX_LIBRARY = "libc++";
				CLANG_ENABLE_MODULES = YES;
				CLANG_ENABLE_OBJC_ARC = YES;
				CLANG_WARN_BOOL_CONVERSION = YES;
				CLANG_WARN_CONSTANT_CONVERSION = YES;
				CLANG_WARN_DIRECT_OBJC_ISA_USAGE = YES_ERROR;
				CLANG_WARN_EMPTY_BODY = YES;
				CLANG_WARN_ENUM_CONVERSION = YES;
				CLANG_WARN_INT_CONVERSION = YES;
				CLANG_WARN_OBJC_ROOT_CLASS = YES_ERROR;
				CLANG_WARN_UNREACHABLE_CODE = YES;
				CLANG_WARN__DUPLICATE_METHOD_MATCH = YES;
				"CODE_SIGN_IDENTITY[sdk=iphoneos*]" = "iPhone Developer";
				COPY_PHASE_STRIP = NO;
				DEBUG_INFORMATION_FORMAT = "dwarf-with-dsym";
				ENABLE_STRICT_OBJC_MSGSEND = YES;
				GCC_C_LANGUAGE_STANDARD = gnu99;
				GCC_DYNAMIC_NO_PIC = NO;
				GCC_NO_COMMON_BLOCKS = YES;
				GCC_OPTIMIZATION_LEVEL = 0;
				GCC_PREPROCESSOR_DEFINITIONS = (
					"DEBUG=1",
					"$(inherited)",
				);
				GCC_SYMBOLS_PRIVATE_EXTERN = NO;
				GCC_WARN_64_TO_32_BIT_CONVERSION = YES;
				GCC_WARN_ABOUT_RETURN_TYPE = YES_ERROR;
				GCC_WARN_UNDECLARED_SELECTOR = YES;
				GCC_WARN_UNINITIALIZED_AUTOS = YES_AGGRESSIVE;
				GCC_WARN_UNUSED_FUNCTION = YES;
				GCC_WARN_UNUSED_VARIABLE = YES;
				IPHONEOS_DEPLOYMENT_TARGET = 8.3;
				MTL_ENABLE_DEBUG_INFO = YES;
				ONLY_ACTIVE_ARCH = YES;
				SDKROOT = iphoneos;
				SWIFT_OPTIMIZATION_LEVEL = "-Onone";
				TARGETED_DEVICE_FAMILY = "1,2";
			};
			name = Debug;
		};
		DB2063831AFA9F7100A9BC6F /* Release */ = {
			isa = XCBuildConfiguration;
			buildSettings = {
				ALWAYS_SEARCH_USER_PATHS = NO;
				CLANG_CXX_LANGUAGE_STANDARD = "gnu++0x";
				CLANG_CXX_LIBRARY = "libc++";
				CLANG_ENABLE_MODULES = YES;
				CLANG_ENABLE_OBJC_ARC = YES;
				CLANG_WARN_BOOL_CONVERSION = YES;
				CLANG_WARN_CONSTANT_CONVERSION = YES;
				CLANG_WARN_DIRECT_OBJC_ISA_USAGE = YES_ERROR;
				CLANG_WARN_EMPTY_BODY = YES;
				CLANG_WARN_ENUM_CONVERSION = YES;
				CLANG_WARN_INT_CONVERSION = YES;
				CLANG_WARN_OBJC_ROOT_CLASS = YES_ERROR;
				CLANG_WARN_UNREACHABLE_CODE = YES;
				CLANG_WARN__DUPLICATE_METHOD_MATCH = YES;
				"CODE_SIGN_IDENTITY[sdk=iphoneos*]" = "iPhone Developer";
				COPY_PHASE_STRIP = NO;
				DEBUG_INFORMATION_FORMAT = "dwarf-with-dsym";
				ENABLE_NS_ASSERTIONS = NO;
				ENABLE_STRICT_OBJC_MSGSEND = YES;
				GCC_C_LANGUAGE_STANDARD = gnu99;
				GCC_NO_COMMON_BLOCKS = YES;
				GCC_WARN_64_TO_32_BIT_CONVERSION = YES;
				GCC_WARN_ABOUT_RETURN_TYPE = YES_ERROR;
				GCC_WARN_UNDECLARED_SELECTOR = YES;
				GCC_WARN_UNINITIALIZED_AUTOS = YES_AGGRESSIVE;
				GCC_WARN_UNUSED_FUNCTION = YES;
				GCC_WARN_UNUSED_VARIABLE = YES;
				IPHONEOS_DEPLOYMENT_TARGET = 8.3;
				MTL_ENABLE_DEBUG_INFO = NO;
				SDKROOT = iphoneos;
				TARGETED_DEVICE_FAMILY = "1,2";
				VALIDATE_PRODUCT = YES;
			};
			name = Release;
		};
		DB2063851AFA9F7100A9BC6F /* Debug */ = {
			isa = XCBuildConfiguration;
			buildSettings = {
				ASSETCATALOG_COMPILER_APPICON_NAME = AppIcon;
				CLANG_ENABLE_MODULES = YES;
				CODE_SIGN_IDENTITY = "iPhone Developer";
				"CODE_SIGN_IDENTITY[sdk=iphoneos*]" = "iPhone Developer";
				FRAMEWORK_SEARCH_PATHS = (
					"$(inherited)",
					"$(PROJECT_DIR)/MyLibrary/parse-library-1.7.2",
					"/Users/leafarmd/Documents/Projects/PushTest-Manha/PushTest",
				);
				INFOPLIST_FILE = MyLibrary/Info.plist;
				IPHONEOS_DEPLOYMENT_TARGET = 8.3;
				LD_RUNPATH_SEARCH_PATHS = "$(inherited) @executable_path/Frameworks";
				PRODUCT_NAME = "$(TARGET_NAME)";
				PROVISIONING_PROFILE = "";
				SWIFT_OBJC_BRIDGING_HEADER = "MyLibrary-Bridging-Header.h";
				SWIFT_OPTIMIZATION_LEVEL = "-Onone";
			};
			name = Debug;
		};
		DB2063861AFA9F7100A9BC6F /* Release */ = {
			isa = XCBuildConfiguration;
			buildSettings = {
				ASSETCATALOG_COMPILER_APPICON_NAME = AppIcon;
				CLANG_ENABLE_MODULES = YES;
				CODE_SIGN_IDENTITY = "iPhone Developer";
				"CODE_SIGN_IDENTITY[sdk=iphoneos*]" = "iPhone Developer";
				FRAMEWORK_SEARCH_PATHS = (
					"$(inherited)",
					"$(PROJECT_DIR)/MyLibrary/parse-library-1.7.2",
					"/Users/leafarmd/Documents/Projects/PushTest-Manha/PushTest",
				);
				INFOPLIST_FILE = MyLibrary/Info.plist;
				IPHONEOS_DEPLOYMENT_TARGET = 8.3;
				LD_RUNPATH_SEARCH_PATHS = "$(inherited) @executable_path/Frameworks";
				PRODUCT_NAME = "$(TARGET_NAME)";
				PROVISIONING_PROFILE = "";
				SWIFT_OBJC_BRIDGING_HEADER = "MyLibrary-Bridging-Header.h";
			};
			name = Release;
		};
		DB2063881AFA9F7100A9BC6F /* Debug */ = {
			isa = XCBuildConfiguration;
			buildSettings = {
				BUNDLE_LOADER = "$(TEST_HOST)";
				FRAMEWORK_SEARCH_PATHS = (
					"$(SDKROOT)/Developer/Library/Frameworks",
					"$(inherited)",
				);
				GCC_PREPROCESSOR_DEFINITIONS = (
					"DEBUG=1",
					"$(inherited)",
				);
				INFOPLIST_FILE = MyLibraryTests/Info.plist;
				LD_RUNPATH_SEARCH_PATHS = "$(inherited) @executable_path/Frameworks @loader_path/Frameworks";
				PRODUCT_NAME = "$(TARGET_NAME)";
				TEST_HOST = "$(BUILT_PRODUCTS_DIR)/MyLibrary.app/MyLibrary";
			};
			name = Debug;
		};
		DB2063891AFA9F7100A9BC6F /* Release */ = {
			isa = XCBuildConfiguration;
			buildSettings = {
				BUNDLE_LOADER = "$(TEST_HOST)";
				FRAMEWORK_SEARCH_PATHS = (
					"$(SDKROOT)/Developer/Library/Frameworks",
					"$(inherited)",
				);
				INFOPLIST_FILE = MyLibraryTests/Info.plist;
				LD_RUNPATH_SEARCH_PATHS = "$(inherited) @executable_path/Frameworks @loader_path/Frameworks";
				PRODUCT_NAME = "$(TARGET_NAME)";
				TEST_HOST = "$(BUILT_PRODUCTS_DIR)/MyLibrary.app/MyLibrary";
			};
			name = Release;
		};
/* End XCBuildConfiguration section */

/* Begin XCConfigurationList section */
		DB2063601AFA9F7100A9BC6F /* Build configuration list for PBXProject "MyLibrary" */ = {
			isa = XCConfigurationList;
			buildConfigurations = (
				DB2063821AFA9F7100A9BC6F /* Debug */,
				DB2063831AFA9F7100A9BC6F /* Release */,
			);
			defaultConfigurationIsVisible = 0;
			defaultConfigurationName = Release;
		};
		DB2063841AFA9F7100A9BC6F /* Build configuration list for PBXNativeTarget "MyLibrary" */ = {
			isa = XCConfigurationList;
			buildConfigurations = (
				DB2063851AFA9F7100A9BC6F /* Debug */,
				DB2063861AFA9F7100A9BC6F /* Release */,
			);
			defaultConfigurationIsVisible = 0;
			defaultConfigurationName = Release;
		};
		DB2063871AFA9F7100A9BC6F /* Build configuration list for PBXNativeTarget "MyLibraryTests" */ = {
			isa = XCConfigurationList;
			buildConfigurations = (
				DB2063881AFA9F7100A9BC6F /* Debug */,
				DB2063891AFA9F7100A9BC6F /* Release */,
			);
			defaultConfigurationIsVisible = 0;
			defaultConfigurationName = Release;
		};
/* End XCConfigurationList section */
	};
	rootObject = DB20635D1AFA9F7100A9BC6F /* Project object */;
}
